
Microsoft Visual Studio Solution File, Format Version 12.00
# Visual Studio Version 16
VisualStudioVersion = 16.0.30413.136
MinimumVisualStudioVersion = 10.0.40219.1
Project("{FAE04EC0-301F-11D3-BF4B-00C04F79EFBC}") = "CuaHangBanSach", "CuaHangBanSach\CuaHangBanSach.csproj", "{341474DF-28CE-432C-B36D-41E37F6DA481}"
EndProject
Global
	GlobalSection(SolutionConfigurationPlatforms) = preSolution
		Debug|Any CPU = Debug|Any CPU
		Release|Any CPU = Release|Any CPU
	EndGlobalSection
	GlobalSection(ProjectConfigurationPlatforms) = postSolution
		{341474DF-28CE-432C-B36D-41E37F6DA481}.Debug|Any CPU.ActiveCfg = Debug|Any CPU
		{341474DF-28CE-432C-B36D-41E37F6DA481}.Debug|Any CPU.Build.0 = Debug|Any CPU
		{341474DF-28CE-432C-B36D-41E37F6DA481}.Release|Any CPU.ActiveCfg = Release|Any CPU
		{341474DF-28CE-432C-B36D-41E37F6DA481}.Release|Any CPU.Build.0 = Release|Any CPU
	EndGlobalSection
	GlobalSection(SolutionProperties) = preSolution
		HideSolutionNode = FALSE
	EndGlobalSection
	GlobalSection(ExtensibilityGlobals) = postSolution
		SolutionGuid = {ACA55A0E-C205-4D34-A3A6-4240EFFA31F0}
	EndGlobalSection
EndGlobal
